
Microsoft Visual Studio Solution File, Format Version 12.00
# Visual Studio Version 17
VisualStudioVersion = 17.2.32630.192
MinimumVisualStudioVersion = 10.0.40219.1
Project("{FAE04EC0-301F-11D3-BF4B-00C04F79EFBC}") = "MyProjects", "MyProjects\MyProjects.csproj", "{BE36586D-922E-4706-896F-4A585744480E}"
EndProject
Global
	GlobalSection(SolutionConfigurationPlatforms) = preSolution
		Debug|Any CPU = Debug|Any CPU
		Release|Any CPU = Release|Any CPU
	EndGlobalSection
	GlobalSection(ProjectConfigurationPlatforms) = postSolution
		{BE36586D-922E-4706-896F-4A585744480E}.Debug|Any CPU.ActiveCfg = Debug|Any CPU
		{BE36586D-922E-4706-896F-4A585744480E}.Debug|Any CPU.Build.0 = Debug|Any CPU
		{BE36586D-922E-4706-896F-4A585744480E}.Release|Any CPU.ActiveCfg = Release|Any CPU
		{BE36586D-922E-4706-896F-4A585744480E}.Release|Any CPU.Build.0 = Release|Any CPU
	EndGlobalSection
	GlobalSection(SolutionProperties) = preSolution
		HideSolutionNode = FALSE
	EndGlobalSection
	GlobalSection(ExtensibilityGlobals) = postSolution
		SolutionGuid = {F0C4C89F-D1AE-4565-A4B9-8F8D69D782EA}
	EndGlobalSection
EndGlobal
